
Microsoft Visual Studio Solution File, Format Version 12.00
# Visual Studio Version 17
VisualStudioVersion = 17.13.35825.156 d17.13
MinimumVisualStudioVersion = 10.0.40219.1
Project("{FAE04EC0-301F-11D3-BF4B-00C04F79EFBC}") = "EFCore", "EFCore.csproj", "{5DFAC0F5-9827-48F0-A6AA-90611DC9B40E}"
EndProject
Global
	GlobalSection(SolutionConfigurationPlatforms) = preSolution
		Debug|Any CPU = Debug|Any CPU
		Release|Any CPU = Release|Any CPU
	EndGlobalSection
	GlobalSection(ProjectConfigurationPlatforms) = postSolution
		{5DFAC0F5-9827-48F0-A6AA-90611DC9B40E}.Debug|Any CPU.ActiveCfg = Debug|Any CPU
		{5DFAC0F5-9827-48F0-A6AA-90611DC9B40E}.Debug|Any CPU.Build.0 = Debug|Any CPU
		{5DFAC0F5-9827-48F0-A6AA-90611DC9B40E}.Release|Any CPU.ActiveCfg = Release|Any CPU
		{5DFAC0F5-9827-48F0-A6AA-90611DC9B40E}.Release|Any CPU.Build.0 = Release|Any CPU
	EndGlobalSection
	GlobalSection(SolutionProperties) = preSolution
		HideSolutionNode = FALSE
	EndGlobalSection
	GlobalSection(ExtensibilityGlobals) = postSolution
		SolutionGuid = {CC97D425-3E8D-422F-83A5-AA336DABF63C}
	EndGlobalSection
EndGlobal
